// !$*UTF8*$!
{
	archiveVersion = 1;
	classes = {
	};
	objectVersion = 50;
	objects = {

/* Begin PBXBuildFile section */
		3249D56E031E61902ADBFE4D /* Pods_JaumoTests.framework in Frameworks */ = {isa = PBXBuildFile; fileRef = FE383D4B8BDA0FCFE4543C3E /* Pods_JaumoTests.framework */; };
		7A6FCD2276FF65FA95287865 /* Pods_Jaumo.framework in Frameworks */ = {isa = PBXBuildFile; fileRef = 7CEA9B375AC08B91F5CD680B /* Pods_Jaumo.framework */; };
		E6783D92215E3A6100042193 /* AppDelegate.swift in Sources */ = {isa = PBXBuildFile; fileRef = E6783D91215E3A6100042193 /* AppDelegate.swift */; };
		E6783D94215E3A6100042193 /* ViewController.swift in Sources */ = {isa = PBXBuildFile; fileRef = E6783D93215E3A6100042193 /* ViewController.swift */; };
		E6783D97215E3A6100042193 /* Main.storyboard in Resources */ = {isa = PBXBuildFile; fileRef = E6783D95215E3A6100042193 /* Main.storyboard */; };
		E6783D99215E3A6300042193 /* Assets.xcassets in Resources */ = {isa = PBXBuildFile; fileRef = E6783D98215E3A6300042193 /* Assets.xcassets */; };
		E6783D9C215E3A6300042193 /* LaunchScreen.storyboard in Resources */ = {isa = PBXBuildFile; fileRef = E6783D9A215E3A6300042193 /* LaunchScreen.storyboard */; };
		E6783DA7215E3A6300042193 /* JaumoTests.swift in Sources */ = {isa = PBXBuildFile; fileRef = E6783DA6215E3A6300042193 /* JaumoTests.swift */; };
/* End PBXBuildFile section */

/* Begin PBXContainerItemProxy section */
		E6783DA3215E3A6300042193 /* PBXContainerItemProxy */ = {
			isa = PBXContainerItemProxy;
			containerPortal = E6783D86215E3A6100042193 /* Project object */;
			proxyType = 1;
			remoteGlobalIDString = E6783D8D215E3A6100042193;
			remoteInfo = Jaumo;
		};
/* End PBXContainerItemProxy section */

/* Begin PBXFileReference section */
		7CEA9B375AC08B91F5CD680B /* Pods_Jaumo.framework */ = {isa = PBXFileReference; explicitFileType = wrapper.framework; includeInIndex = 0; path = Pods_Jaumo.framework; sourceTree = BUILT_PRODUCTS_DIR; };
		9455338EA80A67BBE396D10E /* Pods-Jaumo.debug.xcconfig */ = {isa = PBXFileReference; includeInIndex = 1; lastKnownFileType = text.xcconfig; name = "Pods-Jaumo.debug.xcconfig"; path = "Pods/Target Support Files/Pods-Jaumo/Pods-Jaumo.debug.xcconfig"; sourceTree = "<group>"; };
		982D0FDD457E0671E4037A5F /* Pods-JaumoTests.debug.xcconfig */ = {isa = PBXFileReference; includeInIndex = 1; lastKnownFileType = text.xcconfig; name = "Pods-JaumoTests.debug.xcconfig"; path = "Pods/Target Support Files/Pods-JaumoTests/Pods-JaumoTests.debug.xcconfig"; sourceTree = "<group>"; };
		995EAAFF65137D4EC83A9B31 /* Pods-Jaumo.release.xcconfig */ = {isa = PBXFileReference; includeInIndex = 1; lastKnownFileType = text.xcconfig; name = "Pods-Jaumo.release.xcconfig"; path = "Pods/Target Support Files/Pods-Jaumo/Pods-Jaumo.release.xcconfig"; sourceTree = "<group>"; };
		D142B834B03C1ADB1D982990 /* Pods-JaumoTests.release.xcconfig */ = {isa = PBXFileReference; includeInIndex = 1; lastKnownFileType = text.xcconfig; name = "Pods-JaumoTests.release.xcconfig"; path = "Pods/Target Support Files/Pods-JaumoTests/Pods-JaumoTests.release.xcconfig"; sourceTree = "<group>"; };
		E6783D8E215E3A6100042193 /* Jaumo.app */ = {isa = PBXFileReference; explicitFileType = wrapper.application; includeInIndex = 0; path = Jaumo.app; sourceTree = BUILT_PRODUCTS_DIR; };
		E6783D91215E3A6100042193 /* AppDelegate.swift */ = {isa = PBXFileReference; lastKnownFileType = sourcecode.swift; path = AppDelegate.swift; sourceTree = "<group>"; };
		E6783D93215E3A6100042193 /* ViewController.swift */ = {isa = PBXFileReference; lastKnownFileType = sourcecode.swift; path = ViewController.swift; sourceTree = "<group>"; };
		E6783D96215E3A6100042193 /* Base */ = {isa = PBXFileReference; lastKnownFileType = file.storyboard; name = Base; path = Base.lproj/Main.storyboard; sourceTree = "<group>"; };
		E6783D98215E3A6300042193 /* Assets.xcassets */ = {isa = PBXFileReference; lastKnownFileType = folder.assetcatalog; path = Assets.xcassets; sourceTree = "<group>"; };
		E6783D9B215E3A6300042193 /* Base */ = {isa = PBXFileReference; lastKnownFileType = file.storyboard; name = Base; path = Base.lproj/LaunchScreen.storyboard; sourceTree = "<group>"; };
		E6783D9D215E3A6300042193 /* Info.plist */ = {isa = PBXFileReference; lastKnownFileType = text.plist.xml; path = Info.plist; sourceTree = "<group>"; };
		E6783DA2215E3A6300042193 /* JaumoTests.xctest */ = {isa = PBXFileReference; explicitFileType = wrapper.cfbundle; includeInIndex = 0; path = JaumoTests.xctest; sourceTree = BUILT_PRODUCTS_DIR; };
		E6783DA6215E3A6300042193 /* JaumoTests.swift */ = {isa = PBXFileReference; lastKnownFileType = sourcecode.swift; path = JaumoTests.swift; sourceTree = "<group>"; };
		E6783DA8215E3A6300042193 /* Info.plist */ = {isa = PBXFileReference; lastKnownFileType = text.plist.xml; path = Info.plist; sourceTree = "<group>"; };
		FE383D4B8BDA0FCFE4543C3E /* Pods_JaumoTests.framework */ = {isa = PBXFileReference; explicitFileType = wrapper.framework; includeInIndex = 0; path = Pods_JaumoTests.framework; sourceTree = BUILT_PRODUCTS_DIR; };
/* End PBXFileReference section */

/* Begin PBXFrameworksBuildPhase section */
		E6783D8B215E3A6100042193 /* Frameworks */ = {
			isa = PBXFrameworksBuildPhase;
			buildActionMask = 2147483647;
			files = (
				7A6FCD2276FF65FA95287865 /* Pods_Jaumo.framework in Frameworks */,
			);
			runOnlyForDeploymentPostprocessing = 0;
		};
		E6783D9F215E3A6300042193 /* Frameworks */ = {
			isa = PBXFrameworksBuildPhase;
			buildActionMask = 2147483647;
			files = (
				3249D56E031E61902ADBFE4D /* Pods_JaumoTests.framework in Frameworks */,
			);
			runOnlyForDeploymentPostprocessing = 0;
		};
/* End PBXFrameworksBuildPhase section */

/* Begin PBXGroup section */
		25526288BEE9E34067659157 /* Frameworks */ = {
			isa = PBXGroup;
			children = (
				7CEA9B375AC08B91F5CD680B /* Pods_Jaumo.framework */,
				FE383D4B8BDA0FCFE4543C3E /* Pods_JaumoTests.framework */,
			);
			name = Frameworks;
			sourceTree = "<group>";
		};
		E6783D85215E3A6100042193 = {
			isa = PBXGroup;
			children = (
				E6783D90215E3A6100042193 /* Jaumo */,
				E6783DA5215E3A6300042193 /* JaumoTests */,
				E6783D8F215E3A6100042193 /* Products */,
				EEAB75B99EE7AD6CF4EFB106 /* Pods */,
				25526288BEE9E34067659157 /* Frameworks */,
			);
			sourceTree = "<group>";
		};
		E6783D8F215E3A6100042193 /* Products */ = {
			isa = PBXGroup;
			children = (
				E6783D8E215E3A6100042193 /* Jaumo.app */,
				E6783DA2215E3A6300042193 /* JaumoTests.xctest */,
			);
			name = Products;
			sourceTree = "<group>";
		};
		E6783D90215E3A6100042193 /* Jaumo */ = {
			isa = PBXGroup;
			children = (
				E6783D91215E3A6100042193 /* AppDelegate.swift */,
				E6783D93215E3A6100042193 /* ViewController.swift */,
				E6FEEEF5215E3D4100A00FBE /* Stiryboard & Assets */,
				E6783D9D215E3A6300042193 /* Info.plist */,
			);
			path = Jaumo;
			sourceTree = "<group>";
		};
		E6783DA5215E3A6300042193 /* JaumoTests */ = {
			isa = PBXGroup;
			children = (
				E6783DA6215E3A6300042193 /* JaumoTests.swift */,
				E6783DA8215E3A6300042193 /* Info.plist */,
			);
			path = JaumoTests;
			sourceTree = "<group>";
		};
		E6FEEEF5215E3D4100A00FBE /* Stiryboard & Assets */ = {
			isa = PBXGroup;
			children = (
				E6783D98215E3A6300042193 /* Assets.xcassets */,
				E6783D95215E3A6100042193 /* Main.storyboard */,
				E6783D9A215E3A6300042193 /* LaunchScreen.storyboard */,
			);
			path = "Stiryboard & Assets";
			sourceTree = "<group>";
		};
		EEAB75B99EE7AD6CF4EFB106 /* Pods */ = {
			isa = PBXGroup;
			children = (
				9455338EA80A67BBE396D10E /* Pods-Jaumo.debug.xcconfig */,
				995EAAFF65137D4EC83A9B31 /* Pods-Jaumo.release.xcconfig */,
				982D0FDD457E0671E4037A5F /* Pods-JaumoTests.debug.xcconfig */,
				D142B834B03C1ADB1D982990 /* Pods-JaumoTests.release.xcconfig */,
			);
			name = Pods;
			sourceTree = "<group>";
		};
/* End PBXGroup section */

/* Begin PBXNativeTarget section */
		E6783D8D215E3A6100042193 /* Jaumo */ = {
			isa = PBXNativeTarget;
			buildConfigurationList = E6783DAB215E3A6300042193 /* Build configuration list for PBXNativeTarget "Jaumo" */;
			buildPhases = (
				AD8AAADBB8E08164EC5FDF44 /* [CP] Check Pods Manifest.lock */,
				E6783D8A215E3A6100042193 /* Sources */,
				E6783D8B215E3A6100042193 /* Frameworks */,
				E6783D8C215E3A6100042193 /* Resources */,
				702F0E9476B41D7902B76670 /* [CP] Embed Pods Frameworks */,
			);
			buildRules = (
			);
			dependencies = (
			);
			name = Jaumo;
			productName = Jaumo;
			productReference = E6783D8E215E3A6100042193 /* Jaumo.app */;
			productType = "com.apple.product-type.application";
		};
		E6783DA1215E3A6300042193 /* JaumoTests */ = {
			isa = PBXNativeTarget;
			buildConfigurationList = E6783DAE215E3A6300042193 /* Build configuration list for PBXNativeTarget "JaumoTests" */;
			buildPhases = (
				219B2D4EAB924592E3D28848 /* [CP] Check Pods Manifest.lock */,
				E6783D9E215E3A6300042193 /* Sources */,
				E6783D9F215E3A6300042193 /* Frameworks */,
				E6783DA0215E3A6300042193 /* Resources */,
			);
			buildRules = (
			);
			dependencies = (
				E6783DA4215E3A6300042193 /* PBXTargetDependency */,
			);
			name = JaumoTests;
			productName = JaumoTests;
			productReference = E6783DA2215E3A6300042193 /* JaumoTests.xctest */;
			productType = "com.apple.product-type.bundle.unit-test";
		};
/* End PBXNativeTarget section */

/* Begin PBXProject section */
		E6783D86215E3A6100042193 /* Project object */ = {
			isa = PBXProject;
			attributes = {
				LastSwiftUpdateCheck = 1000;
				LastUpgradeCheck = 1000;
				ORGANIZATIONNAME = "Lefteris Haritou";
				TargetAttributes = {
					E6783D8D215E3A6100042193 = {
						CreatedOnToolsVersion = 10.0;
					};
					E6783DA1215E3A6300042193 = {
						CreatedOnToolsVersion = 10.0;
						TestTargetID = E6783D8D215E3A6100042193;
					};
				};
			};
			buildConfigurationList = E6783D89215E3A6100042193 /* Build configuration list for PBXProject "Jaumo" */;
			compatibilityVersion = "Xcode 9.3";
			developmentRegion = en;
			hasScannedForEncodings = 0;
			knownRegions = (
				en,
				Base,
			);
			mainGroup = E6783D85215E3A6100042193;
			productRefGroup = E6783D8F215E3A6100042193 /* Products */;
			projectDirPath = "";
			projectRoot = "";
			targets = (
				E6783D8D215E3A6100042193 /* Jaumo */,
				E6783DA1215E3A6300042193 /* JaumoTests */,
			);
		};
/* End PBXProject section */

/* Begin PBXResourcesBuildPhase section */
		E6783D8C215E3A6100042193 /* Resources */ = {
			isa = PBXResourcesBuildPhase;
			buildActionMask = 2147483647;
			files = (
				E6783D9C215E3A6300042193 /* LaunchScreen.storyboard in Resources */,
				E6783D99215E3A6300042193 /* Assets.xcassets in Resources */,
				E6783D97215E3A6100042193 /* Main.storyboard in Resources */,
			);
			runOnlyForDeploymentPostprocessing = 0;
		};
		E6783DA0215E3A6300042193 /* Resources */ = {
			isa = PBXResourcesBuildPhase;
			buildActionMask = 2147483647;
			files = (
			);
			runOnlyForDeploymentPostprocessing = 0;
		};
/* End PBXResourcesBuildPhase section */

/* Begin PBXShellScriptBuildPhase section */
		219B2D4EAB924592E3D28848 /* [CP] Check Pods Manifest.lock */ = {
			isa = PBXShellScriptBuildPhase;
			buildActionMask = 2147483647;
			files = (
			);
			inputPaths = (
				"${PODS_PODFILE_DIR_PATH}/Podfile.lock",
				"${PODS_ROOT}/Manifest.lock",
			);
			name = "[CP] Check Pods Manifest.lock";
			outputPaths = (
				"$(DERIVED_FILE_DIR)/Pods-JaumoTests-checkManifestLockResult.txt",
			);
			runOnlyForDeploymentPostprocessing = 0;
			shellPath = /bin/sh;
			shellScript = "diff \"${PODS_PODFILE_DIR_PATH}/Podfile.lock\" \"${PODS_ROOT}/Manifest.lock\" > /dev/null\nif [ $? != 0 ] ; then\n    # print error to STDERR\n    echo \"error: The sandbox is not in sync with the Podfile.lock. Run 'pod install' or update your CocoaPods installation.\" >&2\n    exit 1\nfi\n# This output is used by Xcode 'outputs' to avoid re-running this script phase.\necho \"SUCCESS\" > \"${SCRIPT_OUTPUT_FILE_0}\"\n";
			showEnvVarsInLog = 0;
		};
		702F0E9476B41D7902B76670 /* [CP] Embed Pods Frameworks */ = {
			isa = PBXShellScriptBuildPhase;
			buildActionMask = 2147483647;
			files = (
			);
			inputPaths = (
				"${SRCROOT}/Pods/Target Support Files/Pods-Jaumo/Pods-Jaumo-frameworks.sh",
				"${BUILT_PRODUCTS_DIR}/Alamofire/Alamofire.framework",
				"${BUILT_PRODUCTS_DIR}/AlamofireImage/AlamofireImage.framework",
				"${BUILT_PRODUCTS_DIR}/JGProgressHUD/JGProgressHUD.framework",
			);
			name = "[CP] Embed Pods Frameworks";
			outputPaths = (
				"${TARGET_BUILD_DIR}/${FRAMEWORKS_FOLDER_PATH}/Alamofire.framework",
				"${TARGET_BUILD_DIR}/${FRAMEWORKS_FOLDER_PATH}/AlamofireImage.framework",
				"${TARGET_BUILD_DIR}/${FRAMEWORKS_FOLDER_PATH}/JGProgressHUD.framework",
			);
			runOnlyForDeploymentPostprocessing = 0;
			shellPath = /bin/sh;
			shellScript = "\"${SRCROOT}/Pods/Target Support Files/Pods-Jaumo/Pods-Jaumo-frameworks.sh\"\n";
			showEnvVarsInLog = 0;
		};
		AD8AAADBB8E08164EC5FDF44 /* [CP] Check Pods Manifest.lock */ = {
			isa = PBXShellScriptBuildPhase;
			buildActionMask = 2147483647;
			files = (
			);
			inputPaths = (
				"${PODS_PODFILE_DIR_PATH}/Podfile.lock",
				"${PODS_ROOT}/Manifest.lock",
			);
			name = "[CP] Check Pods Manifest.lock";
			outputPaths = (
				"$(DERIVED_FILE_DIR)/Pods-Jaumo-checkManifestLockResult.txt",
			);
			runOnlyForDeploymentPostprocessing = 0;
			shellPath = /bin/sh;
			shellScript = "diff \"${PODS_PODFILE_DIR_PATH}/Podfile.lock\" \"${PODS_ROOT}/Manifest.lock\" > /dev/null\nif [ $? != 0 ] ; then\n    # print error to STDERR\n    echo \"error: The sandbox is not in sync with the Podfile.lock. Run 'pod install' or update your CocoaPods installation.\" >&2\n    exit 1\nfi\n# This output is used by Xcode 'outputs' to avoid re-running this script phase.\necho \"SUCCESS\" > \"${SCRIPT_OUTPUT_FILE_0}\"\n";
			showEnvVarsInLog = 0;
		};
/* End PBXShellScriptBuildPhase section */

/* Begin PBXSourcesBuildPhase section */
		E6783D8A215E3A6100042193 /* Sources */ = {
			isa = PBXSourcesBuildPhase;
			buildActionMask = 2147483647;
			files = (
				E6783D94215E3A6100042193 /* ViewController.swift in Sources */,
				E6783D92215E3A6100042193 /* AppDelegate.swift in Sources */,
			);
			runOnlyForDeploymentPostprocessing = 0;
		};
		E6783D9E215E3A6300042193 /* Sources */ = {
			isa = PBXSourcesBuildPhase;
			buildActionMask = 2147483647;
			files = (
				E6783DA7215E3A6300042193 /* JaumoTests.swift in Sources */,
			);
			runOnlyForDeploymentPostprocessing = 0;
		};
/* End PBXSourcesBuildPhase section */

/* Begin PBXTargetDependency section */
		E6783DA4215E3A6300042193 /* PBXTargetDependency */ = {
			isa = PBXTargetDependency;
			target = E6783D8D215E3A6100042193 /* Jaumo */;
			targetProxy = E6783DA3215E3A6300042193 /* PBXContainerItemProxy */;
		};
/* End PBXTargetDependency section */

/* Begin PBXVariantGroup section */
		E6783D95215E3A6100042193 /* Main.storyboard */ = {
			isa = PBXVariantGroup;
			children = (
				E6783D96215E3A6100042193 /* Base */,
			);
			name = Main.storyboard;
			sourceTree = "<group>";
		};
		E6783D9A215E3A6300042193 /* LaunchScreen.storyboard */ = {
			isa = PBXVariantGroup;
			children = (
				E6783D9B215E3A6300042193 /* Base */,
			);
			name = LaunchScreen.storyboard;
			sourceTree = "<group>";
		};
/* End PBXVariantGroup section */

/* Begin XCBuildConfiguration section */
		E6783DA9215E3A6300042193 /* Debug */ = {
			isa = XCBuildConfiguration;
			buildSettings = {
				ALWAYS_SEARCH_USER_PATHS = NO;
				CLANG_ANALYZER_NONNULL = YES;
				CLANG_ANALYZER_NUMBER_OBJECT_CONVERSION = YES_AGGRESSIVE;
				CLANG_CXX_LANGUAGE_STANDARD = "gnu++14";
				CLANG_CXX_LIBRARY = "libc++";
				CLANG_ENABLE_MODULES = YES;
				CLANG_ENABLE_OBJC_ARC = YES;
				CLANG_ENABLE_OBJC_WEAK = YES;
				CLANG_WARN_BLOCK_CAPTURE_AUTORELEASING = YES;
				CLANG_WARN_BOOL_CONVERSION = YES;
				CLANG_WARN_COMMA = YES;
				CLANG_WARN_CONSTANT_CONVERSION = YES;
				CLANG_WARN_DEPRECATED_OBJC_IMPLEMENTATIONS = YES;
				CLANG_WARN_DIRECT_OBJC_ISA_USAGE = YES_ERROR;
				CLANG_WARN_DOCUMENTATION_COMMENTS = YES;
				CLANG_WARN_EMPTY_BODY = YES;
				CLANG_WARN_ENUM_CONVERSION = YES;
				CLANG_WARN_INFINITE_RECURSION = YES;
				CLANG_WARN_INT_CONVERSION = YES;
				CLANG_WARN_NON_LITERAL_NULL_CONVERSION = YES;
				CLANG_WARN_OBJC_IMPLICIT_RETAIN_SELF = YES;
				CLANG_WARN_OBJC_LITERAL_CONVERSION = YES;
				CLANG_WARN_OBJC_ROOT_CLASS = YES_ERROR;
				CLANG_WARN_RANGE_LOOP_ANALYSIS = YES;
				CLANG_WARN_STRICT_PROTOTYPES = YES;
				CLANG_WARN_SUSPICIOUS_MOVE = YES;
				CLANG_WARN_UNGUARDED_AVAILABILITY = YES_AGGRESSIVE;
				CLANG_WARN_UNREACHABLE_CODE = YES;
				CLANG_WARN__DUPLICATE_METHOD_MATCH = YES;
				CODE_SIGN_IDENTITY = "iPhone Developer";
				COPY_PHASE_STRIP = NO;
				DEBUG_INFORMATION_FORMAT = dwarf;
				ENABLE_STRICT_OBJC_MSGSEND = YES;
				ENABLE_TESTABILITY = YES;
				GCC_C_LANGUAGE_STANDARD = gnu11;
				GCC_DYNAMIC_NO_PIC = NO;
				GCC_NO_COMMON_BLOCKS = YES;
				GCC_OPTIMIZATION_LEVEL = 0;
				GCC_PREPROCESSOR_DEFINITIONS = (
					"DEBUG=1",
					"$(inherited)",
				);
				GCC_WARN_64_TO_32_BIT_CONVERSION = YES;
				GCC_WARN_ABOUT_RETURN_TYPE = YES_ERROR;
				GCC_WARN_UNDECLARED_SELECTOR = YES;
				GCC_WARN_UNINITIALIZED_AUTOS = YES_AGGRESSIVE;
				GCC_WARN_UNUSED_FUNCTION = YES;
				GCC_WARN_UNUSED_VARIABLE = YES;
				IPHONEOS_DEPLOYMENT_TARGET = 12.0;
				MTL_ENABLE_DEBUG_INFO = INCLUDE_SOURCE;
				MTL_FAST_MATH = YES;
				ONLY_ACTIVE_ARCH = YES;
				SDKROOT = iphoneos;
				SWIFT_ACTIVE_COMPILATION_CONDITIONS = DEBUG;
				SWIFT_OPTIMIZATION_LEVEL = "-Onone";
			};
			name = Debug;
		};
		E6783DAA215E3A6300042193 /* Release */ = {
			isa = XCBuildConfiguration;
			buildSettings = {
				ALWAYS_SEARCH_USER_PATHS = NO;
				CLANG_ANALYZER_NONNULL = YES;
				CLANG_ANALYZER_NUMBER_OBJECT_CONVERSION = YES_AGGRESSIVE;
				CLANG_CXX_LANGUAGE_STANDARD = "gnu++14";
				CLANG_CXX_LIBRARY = "libc++";
				CLANG_ENABLE_MODULES = YES;
				CLANG_ENABLE_OBJC_ARC = YES;
				CLANG_ENABLE_OBJC_WEAK = YES;
				CLANG_WARN_BLOCK_CAPTURE_AUTORELEASING = YES;
				CLANG_WARN_BOOL_CONVERSION = YES;
				CLANG_WARN_COMMA = YES;
				CLANG_WARN_CONSTANT_CONVERSION = YES;
				CLANG_WARN_DEPRECATED_OBJC_IMPLEMENTATIONS = YES;
				CLANG_WARN_DIRECT_OBJC_ISA_USAGE = YES_ERROR;
				CLANG_WARN_DOCUMENTATION_COMMENTS = YES;
				CLANG_WARN_EMPTY_BODY = YES;
				CLANG_WARN_ENUM_CONVERSION = YES;
				CLANG_WARN_INFINITE_RECURSION = YES;
				CLANG_WARN_INT_CONVERSION = YES;
				CLANG_WARN_NON_LITERAL_NULL_CONVERSION = YES;
				CLANG_WARN_OBJC_IMPLICIT_RETAIN_SELF = YES;
				CLANG_WARN_OBJC_LITERAL_CONVERSION = YES;
				CLANG_WARN_OBJC_ROOT_CLASS = YES_ERROR;
				CLANG_WARN_RANGE_LOOP_ANALYSIS = YES;
				CLANG_WARN_STRICT_PROTOTYPES = YES;
				CLANG_WARN_SUSPICIOUS_MOVE = YES;
				CLANG_WARN_UNGUARDED_AVAILABILITY = YES_AGGRESSIVE;
				CLANG_WARN_UNREACHABLE_CODE = YES;
				CLANG_WARN__DUPLICATE_METHOD_MATCH = YES;
				CODE_SIGN_IDENTITY = "iPhone Developer";
				COPY_PHASE_STRIP = NO;
				DEBUG_INFORMATION_FORMAT = "dwarf-with-dsym";
				ENABLE_NS_ASSERTIONS = NO;
				ENABLE_STRICT_OBJC_MSGSEND = YES;
				GCC_C_LANGUAGE_STANDARD = gnu11;
				GCC_NO_COMMON_BLOCKS = YES;
				GCC_WARN_64_TO_32_BIT_CONVERSION = YES;
				GCC_WARN_ABOUT_RETURN_TYPE = YES_ERROR;
				GCC_WARN_UNDECLARED_SELECTOR = YES;
				GCC_WARN_UNINITIALIZED_AUTOS = YES_AGGRESSIVE;
				GCC_WARN_UNUSED_FUNCTION = YES;
				GCC_WARN_UNUSED_VARIABLE = YES;
				IPHONEOS_DEPLOYMENT_TARGET = 12.0;
				MTL_ENABLE_DEBUG_INFO = NO;
				MTL_FAST_MATH = YES;
				SDKROOT = iphoneos;
				SWIFT_COMPILATION_MODE = wholemodule;
				SWIFT_OPTIMIZATION_LEVEL = "-O";
				VALIDATE_PRODUCT = YES;
			};
			name = Release;
		};
		E6783DAC215E3A6300042193 /* Debug */ = {
			isa = XCBuildConfiguration;
			baseConfigurationReference = 9455338EA80A67BBE396D10E /* Pods-Jaumo.debug.xcconfig */;
			buildSettings = {
				ASSETCATALOG_COMPILER_APPICON_NAME = AppIcon;
				CODE_SIGN_STYLE = Automatic;
				DEVELOPMENT_TEAM = L9KT4T25TK;
				INFOPLIST_FILE = Jaumo/Info.plist;
				IPHONEOS_DEPLOYMENT_TARGET = 11.0;
				LD_RUNPATH_SEARCH_PATHS = (
					"$(inherited)",
					"@executable_path/Frameworks",
				);
				PRODUCT_BUNDLE_IDENTIFIER = com.anoxy.Jaumo;
				PRODUCT_NAME = "$(TARGET_NAME)";
				SWIFT_VERSION = 4.2;
				TARGETED_DEVICE_FAMILY = 1;
			};
			name = Debug;
		};
		E6783DAD215E3A6300042193 /* Release */ = {
			isa = XCBuildConfiguration;
			baseConfigurationReference = 995EAAFF65137D4EC83A9B31 /* Pods-Jaumo.release.xcconfig */;
			buildSettings = {
				ASSETCATALOG_COMPILER_APPICON_NAME = AppIcon;
				CODE_SIGN_STYLE = Automatic;
				DEVELOPMENT_TEAM = L9KT4T25TK;
				INFOPLIST_FILE = Jaumo/Info.plist;
				IPHONEOS_DEPLOYMENT_TARGET = 11.0;
				LD_RUNPATH_SEARCH_PATHS = (
					"$(inherited)",
					"@executable_path/Frameworks",
				);
				PRODUCT_BUNDLE_IDENTIFIER = com.anoxy.Jaumo;
				PRODUCT_NAME = "$(TARGET_NAME)";
				SWIFT_VERSION = 4.2;
				TARGETED_DEVICE_FAMILY = 1;
			};
			name = Release;
		};
		E6783DAF215E3A6300042193 /* Debug */ = {
			isa = XCBuildConfiguration;
			baseConfigurationReference = 982D0FDD457E0671E4037A5F /* Pods-JaumoTests.debug.xcconfig */;
			buildSettings = {
				ALWAYS_EMBED_SWIFT_STANDARD_LIBRARIES = YES;
				BUNDLE_LOADER = "$(TEST_HOST)";
				CODE_SIGN_STYLE = Automatic;
				DEVELOPMENT_TEAM = L9KT4T25TK;
				INFOPLIST_FILE = JaumoTests/Info.plist;
				LD_RUNPATH_SEARCH_PATHS = (
					"$(inherited)",
					"@executable_path/Frameworks",
					"@loader_path/Frameworks",
				);
				PRODUCT_BUNDLE_IDENTIFIER = com.anoxy.JaumoTests;
				PRODUCT_NAME = "$(TARGET_NAME)";
				SWIFT_VERSION = 4.2;
				TARGETED_DEVICE_FAMILY = "1,2";
				TEST_HOST = "$(BUILT_PRODUCTS_DIR)/Jaumo.app/Jaumo";
			};
			name = Debug;
		};
		E6783DB0215E3A6300042193 /* Release */ = {
			isa = XCBuildConfiguration;
			baseConfigurationReference = D142B834B03C1ADB1D982990 /* Pods-JaumoTests.release.xcconfig */;
			buildSettings = {
				ALWAYS_EMBED_SWIFT_STANDARD_LIBRARIES = YES;
				BUNDLE_LOADER = "$(TEST_HOST)";
				CODE_SIGN_STYLE = Automatic;
				DEVELOPMENT_TEAM = L9KT4T25TK;
				INFOPLIST_FILE = JaumoTests/Info.plist;
				LD_RUNPATH_SEARCH_PATHS = (
					"$(inherited)",
					"@executable_path/Frameworks",
					"@loader_path/Frameworks",
				);
				PRODUCT_BUNDLE_IDENTIFIER = com.anoxy.JaumoTests;
				PRODUCT_NAME = "$(TARGET_NAME)";
				SWIFT_VERSION = 4.2;
				TARGETED_DEVICE_FAMILY = "1,2";
				TEST_HOST = "$(BUILT_PRODUCTS_DIR)/Jaumo.app/Jaumo";
			};
			name = Release;
		};
/* End XCBuildConfiguration section */

/* Begin XCConfigurationList section */
		E6783D89215E3A6100042193 /* Build configuration list for PBXProject "Jaumo" */ = {
			isa = XCConfigurationList;
			buildConfigurations = (
				E6783DA9215E3A6300042193 /* Debug */,
				E6783DAA215E3A6300042193 /* Release */,
			);
			defaultConfigurationIsVisible = 0;
			defaultConfigurationName = Release;
		};
		E6783DAB215E3A6300042193 /* Build configuration list for PBXNativeTarget "Jaumo" */ = {
			isa = XCConfigurationList;
			buildConfigurations = (
				E6783DAC215E3A6300042193 /* Debug */,
				E6783DAD215E3A6300042193 /* Release */,
			);
			defaultConfigurationIsVisible = 0;
			defaultConfigurationName = Release;
		};
		E6783DAE215E3A6300042193 /* Build configuration list for PBXNativeTarget "JaumoTests" */ = {
			isa = XCConfigurationList;
			buildConfigurations = (
				E6783DAF215E3A6300042193 /* Debug */,
				E6783DB0215E3A6300042193 /* Release */,
			);
			defaultConfigurationIsVisible = 0;
			defaultConfigurationName = Release;
		};
/* End XCConfigurationList section */
	};
	rootObject = E6783D86215E3A6100042193 /* Project object */;
}
